Microsoft Visual Studio Solution File, Format Version 12.00
# Visual Studio 15
VisualStudioVersion = 15.0.27428.2011
MinimumVisualStudioVersion = 10.0.40219.1
Project("{FAE04EC0-301F-11D3-BF4B-00C04F79EFBC}") = "Athena.Bot", "Athena.Bot.csproj", "{9C7E3A46-B60F-4052-9A21-DC8D1A942216}"
EndProject
Project("{FAE04EC0-301F-11D3-BF4B-00C04F79EFBC}") = "Athena.Web", "..\Athena.Web\Athena.Web.csproj", "{19C1A266-9E96-4E6F-B2A4-7F171BB60959}"
EndProject
Global
	GlobalSection(SolutionConfigurationPlatforms) = preSolution
		Debug|Any CPU = Debug|Any CPU
		Release|Any CPU = Release|Any CPU
	EndGlobalSection
	GlobalSection(ProjectConfigurationPlatforms) = postSolution
		{9C7E3A46-B60F-4052-9A21-DC8D1A942216}.Debug|Any CPU.ActiveCfg = Debug|Any CPU
		{9C7E3A46-B60F-4052-9A21-DC8D1A942216}.Debug|Any CPU.Build.0 = Debug|Any CPU
		{9C7E3A46-B60F-4052-9A21-DC8D1A942216}.Release|Any CPU.ActiveCfg = Release|Any CPU
		{9C7E3A46-B60F-4052-9A21-DC8D1A942216}.Release|Any CPU.Build.0 = Release|Any CPU
		{19C1A266-9E96-4E6F-B2A4-7F171BB60959}.Debug|Any CPU.ActiveCfg = Debug|Any CPU
		{19C1A266-9E96-4E6F-B2A4-7F171BB60959}.Debug|Any CPU.Build.0 = Debug|Any CPU
		{19C1A266-9E96-4E6F-B2A4-7F171BB60959}.Release|Any CPU.ActiveCfg = Release|Any CPU
		{19C1A266-9E96-4E6F-B2A4-7F171BB60959}.Release|Any CPU.Build.0 = Release|Any CPU
	EndGlobalSection
	GlobalSection(SolutionProperties) = preSolution
		HideSolutionNode = FALSE
	EndGlobalSection
	GlobalSection(ExtensibilityGlobals) = postSolution
		SolutionGuid = {C6952F7C-B642-4FF1-ADB7-423CBC71F562}
	EndGlobalSection
EndGlobal
